
Microsoft Visual Studio Solution File, Format Version 12.00
# Visual Studio Version 18
VisualStudioVersion = 18.4.11626.88 stable
MinimumVisualStudioVersion = 10.0.40219.1
Project("{FAE04EC0-301F-11D3-BF4B-00C04F79EFBC}") = "INZYNIERKA", "INZYNIERKA\INZYNIERKA.csproj", "{4FDB6AF1-B881-417C-A1C1-921193520E61}"
EndProject
Project("{FAE04EC0-301F-11D3-BF4B-00C04F79EFBC}") = "INZYNIERKA.Tests", "INZYNIERKA.Tests\INZYNIERKA.Tests.csproj", "{B0DF3321-189C-4EBA-B4A2-6EEAB3F33CBC}"
EndProject
Project("{FAE04EC0-301F-11D3-BF4B-00C04F79EFBC}") = "INZYNIERKA.E2ETests", "INZYNIERKA.E2ETests\INZYNIERKA.E2ETests.csproj", "{651429F2-9182-6827-78A6-D013D42469C1}"
EndProject
Global
	GlobalSection(SolutionConfigurationPlatforms) = preSolution
		Debug|Any CPU = Debug|Any CPU
		Release|Any CPU = Release|Any CPU
	EndGlobalSection
	GlobalSection(ProjectConfigurationPlatforms) = postSolution
		{4FDB6AF1-B881-417C-A1C1-921193520E61}.Debug|Any CPU.ActiveCfg = Debug|Any CPU
		{4FDB6AF1-B881-417C-A1C1-921193520E61}.Debug|Any CPU.Build.0 = Debug|Any CPU
		{4FDB6AF1-B881-417C-A1C1-921193520E61}.Release|Any CPU.ActiveCfg = Release|Any CPU
		{4FDB6AF1-B881-417C-A1C1-921193520E61}.Release|Any CPU.Build.0 = Release|Any CPU
		{B0DF3321-189C-4EBA-B4A2-6EEAB3F33CBC}.Debug|Any CPU.ActiveCfg = Debug|Any CPU
		{B0DF3321-189C-4EBA-B4A2-6EEAB3F33CBC}.Debug|Any CPU.Build.0 = Debug|Any CPU
		{B0DF3321-189C-4EBA-B4A2-6EEAB3F33CBC}.Release|Any CPU.ActiveCfg = Release|Any CPU
		{B0DF3321-189C-4EBA-B4A2-6EEAB3F33CBC}.Release|Any CPU.Build.0 = Release|Any CPU
		{651429F2-9182-6827-78A6-D013D42469C1}.Debug|Any CPU.ActiveCfg = Debug|Any CPU
		{651429F2-9182-6827-78A6-D013D42469C1}.Debug|Any CPU.Build.0 = Debug|Any CPU
		{651429F2-9182-6827-78A6-D013D42469C1}.Release|Any CPU.ActiveCfg = Release|Any CPU
		{651429F2-9182-6827-78A6-D013D42469C1}.Release|Any CPU.Build.0 = Release|Any CPU
	EndGlobalSection
	GlobalSection(SolutionProperties) = preSolution
		HideSolutionNode = FALSE
	EndGlobalSection
EndGlobal
